// !$*UTF8*$!
{
	archiveVersion = 1;
	classes = {
	};
	objectVersion = 60;
	objects = {

/* Begin PBXBuildFile section */
		150734D12C38801D002E7453 /* Life_FellowshipApp.swift in Sources */ = {isa = PBXBuildFile; fileRef = 150734D02C38801D002E7453 /* Life_FellowshipApp.swift */; };
		150734D32C38801D002E7453 /* ContentView.swift in Sources */ = {isa = PBXBuildFile; fileRef = 150734D22C38801D002E7453 /* ContentView.swift */; };
		150734D52C38801F002E7453 /* Assets.xcassets in Resources */ = {isa = PBXBuildFile; fileRef = 150734D42C38801F002E7453 /* Assets.xcassets */; };
		150734D82C38801F002E7453 /* Preview Assets.xcassets in Resources */ = {isa = PBXBuildFile; fileRef = 150734D72C38801F002E7453 /* Preview Assets.xcassets */; };
		150734E02C3883E8002E7453 /* Appwrite in Frameworks */ = {isa = PBXBuildFile; productRef = 150734DF2C3883E8002E7453 /* Appwrite */; };
		150734E42C388415002E7453 /* Appwrite.swift in Sources */ = {isa = PBXBuildFile; fileRef = 150734E32C388415002E7453 /* Appwrite.swift */; };
		150734E72C3884FC002E7453 /* Constants.swift in Sources */ = {isa = PBXBuildFile; fileRef = 150734E62C3884FC002E7453 /* Constants.swift */; };
		150734E92C3885B6002E7453 /* UserSession.swift in Sources */ = {isa = PBXBuildFile; fileRef = 150734E82C3885B6002E7453 /* UserSession.swift */; };
		150734EC2C3885E9002E7453 /* UserAccount.swift in Sources */ = {isa = PBXBuildFile; fileRef = 150734EB2C3885E9002E7453 /* UserAccount.swift */; };
		150734EE2C38861B002E7453 /* Database Service.swift in Sources */ = {isa = PBXBuildFile; fileRef = 150734ED2C38861B002E7453 /* Database Service.swift */; };
		150734F22C388C7E002E7453 /* OnboardingView.swift in Sources */ = {isa = PBXBuildFile; fileRef = 150734F12C388C7E002E7453 /* OnboardingView.swift */; };
		150734F72C389D9A002E7453 /* OtpModifier.swift in Sources */ = {isa = PBXBuildFile; fileRef = 150734F62C389D9A002E7453 /* OtpModifier.swift */; };
		150734FA2C389DD3002E7453 /* AuthViewModel.swift in Sources */ = {isa = PBXBuildFile; fileRef = 150734F92C389DD3002E7453 /* AuthViewModel.swift */; };
		150734FC2C389E21002E7453 /* PhoneNumberView.swift in Sources */ = {isa = PBXBuildFile; fileRef = 150734FB2C389E21002E7453 /* PhoneNumberView.swift */; };
		150735002C389E6C002E7453 /* OTPVerificationView.swift in Sources */ = {isa = PBXBuildFile; fileRef = 150734FF2C389E6C002E7453 /* OTPVerificationView.swift */; };
		150735022C389EFE002E7453 /* SignUpWithEmail.swift in Sources */ = {isa = PBXBuildFile; fileRef = 150735012C389EFE002E7453 /* SignUpWithEmail.swift */; };
		150735042C389F2D002E7453 /* SignInWithEmail.swift in Sources */ = {isa = PBXBuildFile; fileRef = 150735032C389F2D002E7453 /* SignInWithEmail.swift */; };
		150735072C389F79002E7453 /* ProfileSetup.swift in Sources */ = {isa = PBXBuildFile; fileRef = 150735062C389F79002E7453 /* ProfileSetup.swift */; };
		150735092C389FA0002E7453 /* BindingLimit.swift in Sources */ = {isa = PBXBuildFile; fileRef = 150735082C389FA0002E7453 /* BindingLimit.swift */; };
		1507350C2C389FF3002E7453 /* RootView.swift in Sources */ = {isa = PBXBuildFile; fileRef = 1507350B2C389FF3002E7453 /* RootView.swift */; };
/* End PBXBuildFile section */

/* Begin PBXFileReference section */
		150734CD2C38801D002E7453 /* Life Fellowship.app */ = {isa = PBXFileReference; explicitFileType = wrapper.application; includeInIndex = 0; path = "Life Fellowship.app"; sourceTree = BUILT_PRODUCTS_DIR; };
		150734D02C38801D002E7453 /* Life_FellowshipApp.swift */ = {isa = PBXFileReference; lastKnownFileType = sourcecode.swift; path = Life_FellowshipApp.swift; sourceTree = "<group>"; };
		150734D22C38801D002E7453 /* ContentView.swift */ = {isa = PBXFileReference; lastKnownFileType = sourcecode.swift; path = ContentView.swift; sourceTree = "<group>"; };
		150734D42C38801F002E7453 /* Assets.xcassets */ = {isa = PBXFileReference; lastKnownFileType = folder.assetcatalog; path = Assets.xcassets; sourceTree = "<group>"; };
		150734D72C38801F002E7453 /* Preview Assets.xcassets */ = {isa = PBXFileReference; lastKnownFileType = folder.assetcatalog; path = "Preview Assets.xcassets"; sourceTree = "<group>"; };
		150734E32C388415002E7453 /* Appwrite.swift */ = {isa = PBXFileReference; lastKnownFileType = sourcecode.swift; path = Appwrite.swift; sourceTree = "<group>"; };
		150734E62C3884FC002E7453 /* Constants.swift */ = {isa = PBXFileReference; lastKnownFileType = sourcecode.swift; path = Constants.swift; sourceTree = "<group>"; };
		150734E82C3885B6002E7453 /* UserSession.swift */ = {isa = PBXFileReference; lastKnownFileType = sourcecode.swift; path = UserSession.swift; sourceTree = "<group>"; };
		150734EB2C3885E9002E7453 /* UserAccount.swift */ = {isa = PBXFileReference; lastKnownFileType = sourcecode.swift; path = UserAccount.swift; sourceTree = "<group>"; };
		150734ED2C38861B002E7453 /* Database Service.swift */ = {isa = PBXFileReference; lastKnownFileType = sourcecode.swift; path = "Database Service.swift"; sourceTree = "<group>"; };
		150734F12C388C7E002E7453 /* OnboardingView.swift */ = {isa = PBXFileReference; lastKnownFileType = sourcecode.swift; path = OnboardingView.swift; sourceTree = "<group>"; };
		150734F62C389D9A002E7453 /* OtpModifier.swift */ = {isa = PBXFileReference; lastKnownFileType = sourcecode.swift; path = OtpModifier.swift; sourceTree = "<group>"; };
		150734F92C389DD3002E7453 /* AuthViewModel.swift */ = {isa = PBXFileReference; lastKnownFileType = sourcecode.swift; path = AuthViewModel.swift; sourceTree = "<group>"; };
		150734FB2C389E21002E7453 /* PhoneNumberView.swift */ = {isa = PBXFileReference; lastKnownFileType = sourcecode.swift; path = PhoneNumberView.swift; sourceTree = "<group>"; };
		150734FF2C389E6C002E7453 /* OTPVerificationView.swift */ = {isa = PBXFileReference; lastKnownFileType = sourcecode.swift; path = OTPVerificationView.swift; sourceTree = "<group>"; };
		150735012C389EFE002E7453 /* SignUpWithEmail.swift */ = {isa = PBXFileReference; lastKnownFileType = sourcecode.swift; path = SignUpWithEmail.swift; sourceTree = "<group>"; };
		150735032C389F2D002E7453 /* SignInWithEmail.swift */ = {isa = PBXFileReference; lastKnownFileType = sourcecode.swift; path = SignInWithEmail.swift; sourceTree = "<group>"; };
		150735062C389F79002E7453 /* ProfileSetup.swift */ = {isa = PBXFileReference; lastKnownFileType = sourcecode.swift; path = ProfileSetup.swift; sourceTree = "<group>"; };
		150735082C389FA0002E7453 /* BindingLimit.swift */ = {isa = PBXFileReference; lastKnownFileType = sourcecode.swift; path = BindingLimit.swift; sourceTree = "<group>"; };
		1507350B2C389FF3002E7453 /* RootView.swift */ = {isa = PBXFileReference; lastKnownFileType = sourcecode.swift; path = RootView.swift; sourceTree = "<group>"; };
/* End PBXFileReference section */

/* Begin PBXFrameworksBuildPhase section */
		150734CA2C38801D002E7453 /* Frameworks */ = {
			isa = PBXFrameworksBuildPhase;
			buildActionMask = 2147483647;
			files = (
				150734E02C3883E8002E7453 /* Appwrite in Frameworks */,
			);
			runOnlyForDeploymentPostprocessing = 0;
		};
/* End PBXFrameworksBuildPhase section */

/* Begin PBXGroup section */
		150734C42C38801D002E7453 = {
			isa = PBXGroup;
			children = (
				150734CF2C38801D002E7453 /* Life Fellowship */,
				150734CE2C38801D002E7453 /* Products */,
			);
			sourceTree = "<group>";
		};
		150734CE2C38801D002E7453 /* Products */ = {
			isa = PBXGroup;
			children = (
				150734CD2C38801D002E7453 /* Life Fellowship.app */,
			);
			name = Products;
			sourceTree = "<group>";
		};
		150734CF2C38801D002E7453 /* Life Fellowship */ = {
			isa = PBXGroup;
			children = (
				150734EF2C388C5B002E7453 /* Views */,
				150734EA2C3885C8002E7453 /* Models */,
				150734E52C3884EE002E7453 /* Utilities */,
				150734E22C3883FF002E7453 /* Services */,
				150734D02C38801D002E7453 /* Life_FellowshipApp.swift */,
				150734D22C38801D002E7453 /* ContentView.swift */,
				150734D42C38801F002E7453 /* Assets.xcassets */,
				150734D62C38801F002E7453 /* Preview Content */,
			);
			path = "Life Fellowship";
			sourceTree = "<group>";
		};
		150734D62C38801F002E7453 /* Preview Content */ = {
			isa = PBXGroup;
			children = (
				150734D72C38801F002E7453 /* Preview Assets.xcassets */,
			);
			path = "Preview Content";
			sourceTree = "<group>";
		};
		150734E22C3883FF002E7453 /* Services */ = {
			isa = PBXGroup;
			children = (
				150734E32C388415002E7453 /* Appwrite.swift */,
				150734E82C3885B6002E7453 /* UserSession.swift */,
				150734ED2C38861B002E7453 /* Database Service.swift */,
			);
			path = Services;
			sourceTree = "<group>";
		};
		150734E52C3884EE002E7453 /* Utilities */ = {
			isa = PBXGroup;
			children = (
				150734E62C3884FC002E7453 /* Constants.swift */,
			);
			path = Utilities;
			sourceTree = "<group>";
		};
		150734EA2C3885C8002E7453 /* Models */ = {
			isa = PBXGroup;
			children = (
				150734EB2C3885E9002E7453 /* UserAccount.swift */,
			);
			path = Models;
			sourceTree = "<group>";
		};
		150734EF2C388C5B002E7453 /* Views */ = {
			isa = PBXGroup;
			children = (
				1507350A2C389FE0002E7453 /* Root */,
				150734F32C389D27002E7453 /* Auth */,
				150734F02C388C61002E7453 /* Onboarding */,
			);
			path = Views;
			sourceTree = "<group>";
		};
		150734F02C388C61002E7453 /* Onboarding */ = {
			isa = PBXGroup;
			children = (
				150734F12C388C7E002E7453 /* OnboardingView.swift */,
			);
			path = Onboarding;
			sourceTree = "<group>";
		};
		150734F32C389D27002E7453 /* Auth */ = {
			isa = PBXGroup;
			children = (
				150734F82C389DC1002E7453 /* ViewModel */,
				150734F52C389D85002E7453 /* Utilities */,
				150734F42C389D4F002E7453 /* Views */,
			);
			path = Auth;
			sourceTree = "<group>";
		};
		150734F42C389D4F002E7453 /* Views */ = {
			isa = PBXGroup;
			children = (
				150735052C389F5F002E7453 /* Profile */,
				150734FE2C389E5E002E7453 /* Email */,
				150734FD2C389E56002E7453 /* Phone */,
			);
			path = Views;
			sourceTree = "<group>";
		};
		150734F52C389D85002E7453 /* Utilities */ = {
			isa = PBXGroup;
			children = (
				150734F62C389D9A002E7453 /* OtpModifier.swift */,
				150735082C389FA0002E7453 /* BindingLimit.swift */,
			);
			path = Utilities;
			sourceTree = "<group>";
		};
		150734F82C389DC1002E7453 /* ViewModel */ = {
			isa = PBXGroup;
			children = (
				150734F92C389DD3002E7453 /* AuthViewModel.swift */,
			);
			path = ViewModel;
			sourceTree = "<group>";
		};
		150734FD2C389E56002E7453 /* Phone */ = {
			isa = PBXGroup;
			children = (
				150734FB2C389E21002E7453 /* PhoneNumberView.swift */,
				150734FF2C389E6C002E7453 /* OTPVerificationView.swift */,
			);
			path = Phone;
			sourceTree = "<group>";
		};
		150734FE2C389E5E002E7453 /* Email */ = {
			isa = PBXGroup;
			children = (
				150735012C389EFE002E7453 /* SignUpWithEmail.swift */,
				150735032C389F2D002E7453 /* SignInWithEmail.swift */,
			);
			path = Email;
			sourceTree = "<group>";
		};
		150735052C389F5F002E7453 /* Profile */ = {
			isa = PBXGroup;
			children = (
				150735062C389F79002E7453 /* ProfileSetup.swift */,
			);
			path = Profile;
			sourceTree = "<group>";
		};
		1507350A2C389FE0002E7453 /* Root */ = {
			isa = PBXGroup;
			children = (
				1507350B2C389FF3002E7453 /* RootView.swift */,
			);
			path = Root;
			sourceTree = "<group>";
		};
/* End PBXGroup section */

/* Begin PBXNativeTarget section */
		150734CC2C38801D002E7453 /* Life Fellowship */ = {
			isa = PBXNativeTarget;
			buildConfigurationList = 150734DB2C38801F002E7453 /* Build configuration list for PBXNativeTarget "Life Fellowship" */;
			buildPhases = (
				150734C92C38801D002E7453 /* Sources */,
				150734CA2C38801D002E7453 /* Frameworks */,
				150734CB2C38801D002E7453 /* Resources */,
			);
			buildRules = (
			);
			dependencies = (
			);
			name = "Life Fellowship";
			packageProductDependencies = (
				150734DF2C3883E8002E7453 /* Appwrite */,
			);
			productName = "Life Fellowship";
			productReference = 150734CD2C38801D002E7453 /* Life Fellowship.app */;
			productType = "com.apple.product-type.application";
		};
/* End PBXNativeTarget section */

/* Begin PBXProject section */
		150734C52C38801D002E7453 /* Project object */ = {
			isa = PBXProject;
			attributes = {
				BuildIndependentTargetsInParallel = 1;
				LastSwiftUpdateCheck = 1600;
				LastUpgradeCheck = 1600;
				TargetAttributes = {
					150734CC2C38801D002E7453 = {
						CreatedOnToolsVersion = 16.0;
					};
				};
			};
			buildConfigurationList = 150734C82C38801D002E7453 /* Build configuration list for PBXProject "Life Fellowship" */;
			compatibilityVersion = "Xcode 15.0";
			developmentRegion = en;
			hasScannedForEncodings = 0;
			knownRegions = (
				en,
				Base,
			);
			mainGroup = 150734C42C38801D002E7453;
			packageReferences = (
				150734DE2C3883E8002E7453 /* XCRemoteSwiftPackageReference "sdk-for-apple" */,
			);
			productRefGroup = 150734CE2C38801D002E7453 /* Products */;
			projectDirPath = "";
			projectRoot = "";
			targets = (
				150734CC2C38801D002E7453 /* Life Fellowship */,
			);
		};
/* End PBXProject section */

/* Begin PBXResourcesBuildPhase section */
		150734CB2C38801D002E7453 /* Resources */ = {
			isa = PBXResourcesBuildPhase;
			buildActionMask = 2147483647;
			files = (
				150734D82C38801F002E7453 /* Preview Assets.xcassets in Resources */,
				150734D52C38801F002E7453 /* Assets.xcassets in Resources */,
			);
			runOnlyForDeploymentPostprocessing = 0;
		};
/* End PBXResourcesBuildPhase section */

/* Begin PBXSourcesBuildPhase section */
		150734C92C38801D002E7453 /* Sources */ = {
			isa = PBXSourcesBuildPhase;
			buildActionMask = 2147483647;
			files = (
				150734FA2C389DD3002E7453 /* AuthViewModel.swift in Sources */,
				150734EE2C38861B002E7453 /* Database Service.swift in Sources */,
				150734E42C388415002E7453 /* Appwrite.swift in Sources */,
				1507350C2C389FF3002E7453 /* RootView.swift in Sources */,
				150734FC2C389E21002E7453 /* PhoneNumberView.swift in Sources */,
				150734E92C3885B6002E7453 /* UserSession.swift in Sources */,
				150734EC2C3885E9002E7453 /* UserAccount.swift in Sources */,
				150734D32C38801D002E7453 /* ContentView.swift in Sources */,
				150735092C389FA0002E7453 /* BindingLimit.swift in Sources */,
				150735072C389F79002E7453 /* ProfileSetup.swift in Sources */,
				150734F22C388C7E002E7453 /* OnboardingView.swift in Sources */,
				150735022C389EFE002E7453 /* SignUpWithEmail.swift in Sources */,
				150734D12C38801D002E7453 /* Life_FellowshipApp.swift in Sources */,
				150735002C389E6C002E7453 /* OTPVerificationView.swift in Sources */,
				150734F72C389D9A002E7453 /* OtpModifier.swift in Sources */,
				150735042C389F2D002E7453 /* SignInWithEmail.swift in Sources */,
				150734E72C3884FC002E7453 /* Constants.swift in Sources */,
			);
			runOnlyForDeploymentPostprocessing = 0;
		};
/* End PBXSourcesBuildPhase section */

/* Begin XCBuildConfiguration section */
		150734D92C38801F002E7453 /* Debug */ = {
			isa = XCBuildConfiguration;
			buildSettings = {
				ALWAYS_SEARCH_USER_PATHS = NO;
				ASSETCATALOG_COMPILER_GENERATE_SWIFT_ASSET_SYMBOL_EXTENSIONS = YES;
				CLANG_ANALYZER_NONNULL = YES;
				CLANG_ANALYZER_NUMBER_OBJECT_CONVERSION = YES_AGGRESSIVE;
				CLANG_CXX_LANGUAGE_STANDARD = "gnu++20";
				CLANG_ENABLE_MODULES = YES;
				CLANG_ENABLE_OBJC_ARC = YES;
				CLANG_ENABLE_OBJC_WEAK = YES;
				CLANG_WARN_BLOCK_CAPTURE_AUTORELEASING = YES;
				CLANG_WARN_BOOL_CONVERSION = YES;
				CLANG_WARN_COMMA = YES;
				CLANG_WARN_CONSTANT_CONVERSION = YES;
				CLANG_WARN_DEPRECATED_OBJC_IMPLEMENTATIONS = YES;
				CLANG_WARN_DIRECT_OBJC_ISA_USAGE = YES_ERROR;
				CLANG_WARN_DOCUMENTATION_COMMENTS = YES;
				CLANG_WARN_EMPTY_BODY = YES;
				CLANG_WARN_ENUM_CONVERSION = YES;
				CLANG_WARN_INFINITE_RECURSION = YES;
				CLANG_WARN_INT_CONVERSION = YES;
				CLANG_WARN_NON_LITERAL_NULL_CONVERSION = YES;
				CLANG_WARN_OBJC_IMPLICIT_RETAIN_SELF = YES;
				CLANG_WARN_OBJC_LITERAL_CONVERSION = YES;
				CLANG_WARN_OBJC_ROOT_CLASS = YES_ERROR;
				CLANG_WARN_QUOTED_INCLUDE_IN_FRAMEWORK_HEADER = YES;
				CLANG_WARN_RANGE_LOOP_ANALYSIS = YES;
				CLANG_WARN_STRICT_PROTOTYPES = YES;
				CLANG_WARN_SUSPICIOUS_MOVE = YES;
				CLANG_WARN_UNGUARDED_AVAILABILITY = YES_AGGRESSIVE;
				CLANG_WARN_UNREACHABLE_CODE = YES;
				CLANG_WARN__DUPLICATE_METHOD_MATCH = YES;
				COPY_PHASE_STRIP = NO;
				DEBUG_INFORMATION_FORMAT = dwarf;
				ENABLE_STRICT_OBJC_MSGSEND = YES;
				ENABLE_TESTABILITY = YES;
				ENABLE_USER_SCRIPT_SANDBOXING = YES;
				GCC_C_LANGUAGE_STANDARD = gnu17;
				GCC_DYNAMIC_NO_PIC = NO;
				GCC_NO_COMMON_BLOCKS = YES;
				GCC_OPTIMIZATION_LEVEL = 0;
				GCC_PREPROCESSOR_DEFINITIONS = (
					"DEBUG=1",
					"$(inherited)",
				);
				GCC_WARN_64_TO_32_BIT_CONVERSION = YES;
				GCC_WARN_ABOUT_RETURN_TYPE = YES_ERROR;
				GCC_WARN_UNDECLARED_SELECTOR = YES;
				GCC_WARN_UNINITIALIZED_AUTOS = YES_AGGRESSIVE;
				GCC_WARN_UNUSED_FUNCTION = YES;
				GCC_WARN_UNUSED_VARIABLE = YES;
				IPHONEOS_DEPLOYMENT_TARGET = 18.0;
				LOCALIZATION_PREFERS_STRING_CATALOGS = YES;
				MTL_ENABLE_DEBUG_INFO = INCLUDE_SOURCE;
				MTL_FAST_MATH = YES;
				ONLY_ACTIVE_ARCH = YES;
				SDKROOT = iphoneos;
				SWIFT_ACTIVE_COMPILATION_CONDITIONS = "DEBUG $(inherited)";
				SWIFT_OPTIMIZATION_LEVEL = "-Onone";
			};
			name = Debug;
		};
		150734DA2C38801F002E7453 /* Release */ = {
			isa = XCBuildConfiguration;
			buildSettings = {
				ALWAYS_SEARCH_USER_PATHS = NO;
				ASSETCATALOG_COMPILER_GENERATE_SWIFT_ASSET_SYMBOL_EXTENSIONS = YES;
				CLANG_ANALYZER_NONNULL = YES;
				CLANG_ANALYZER_NUMBER_OBJECT_CONVERSION = YES_AGGRESSIVE;
				CLANG_CXX_LANGUAGE_STANDARD = "gnu++20";
				CLANG_ENABLE_MODULES = YES;
				CLANG_ENABLE_OBJC_ARC = YES;
				CLANG_ENABLE_OBJC_WEAK = YES;
				CLANG_WARN_BLOCK_CAPTURE_AUTORELEASING = YES;
				CLANG_WARN_BOOL_CONVERSION = YES;
				CLANG_WARN_COMMA = YES;
				CLANG_WARN_CONSTANT_CONVERSION = YES;
				CLANG_WARN_DEPRECATED_OBJC_IMPLEMENTATIONS = YES;
				CLANG_WARN_DIRECT_OBJC_ISA_USAGE = YES_ERROR;
				CLANG_WARN_DOCUMENTATION_COMMENTS = YES;
				CLANG_WARN_EMPTY_BODY = YES;
				CLANG_WARN_ENUM_CONVERSION = YES;
				CLANG_WARN_INFINITE_RECURSION = YES;
				CLANG_WARN_INT_CONVERSION = YES;
				CLANG_WARN_NON_LITERAL_NULL_CONVERSION = YES;
				CLANG_WARN_OBJC_IMPLICIT_RETAIN_SELF = YES;
				CLANG_WARN_OBJC_LITERAL_CONVERSION = YES;
				CLANG_WARN_OBJC_ROOT_CLASS = YES_ERROR;
				CLANG_WARN_QUOTED_INCLUDE_IN_FRAMEWORK_HEADER = YES;
				CLANG_WARN_RANGE_LOOP_ANALYSIS = YES;
				CLANG_WARN_STRICT_PROTOTYPES = YES;
				CLANG_WARN_SUSPICIOUS_MOVE = YES;
				CLANG_WARN_UNGUARDED_AVAILABILITY = YES_AGGRESSIVE;
				CLANG_WARN_UNREACHABLE_CODE = YES;
				CLANG_WARN__DUPLICATE_METHOD_MATCH = YES;
				COPY_PHASE_STRIP = NO;
				DEBUG_INFORMATION_FORMAT = "dwarf-with-dsym";
				ENABLE_NS_ASSERTIONS = NO;
				ENABLE_STRICT_OBJC_MSGSEND = YES;
				ENABLE_USER_SCRIPT_SANDBOXING = YES;
				GCC_C_LANGUAGE_STANDARD = gnu17;
				GCC_NO_COMMON_BLOCKS = YES;
				GCC_WARN_64_TO_32_BIT_CONVERSION = YES;
				GCC_WARN_ABOUT_RETURN_TYPE = YES_ERROR;
				GCC_WARN_UNDECLARED_SELECTOR = YES;
				GCC_WARN_UNINITIALIZED_AUTOS = YES_AGGRESSIVE;
				GCC_WARN_UNUSED_FUNCTION = YES;
				GCC_WARN_UNUSED_VARIABLE = YES;
				IPHONEOS_DEPLOYMENT_TARGET = 18.0;
				LOCALIZATION_PREFERS_STRING_CATALOGS = YES;
				MTL_ENABLE_DEBUG_INFO = NO;
				MTL_FAST_MATH = YES;
				SDKROOT = iphoneos;
				SWIFT_COMPILATION_MODE = wholemodule;
				VALIDATE_PRODUCT = YES;
			};
			name = Release;
		};
		150734DC2C38801F002E7453 /* Debug */ = {
			isa = XCBuildConfiguration;
			buildSettings = {
				ASSETCATALOG_COMPILER_APPICON_NAME = AppIcon;
				ASSETCATALOG_COMPILER_GLOBAL_ACCENT_COLOR_NAME = AccentColor;
				CODE_SIGN_STYLE = Automatic;
				CURRENT_PROJECT_VERSION = 1;
				DEVELOPMENT_ASSET_PATHS = "\"Life Fellowship/Preview Content\"";
				DEVELOPMENT_TEAM = FPVCQZJWBM;
				ENABLE_PREVIEWS = YES;
				GENERATE_INFOPLIST_FILE = YES;
				INFOPLIST_KEY_UIApplicationSceneManifest_Generation = YES;
				INFOPLIST_KEY_UIApplicationSupportsIndirectInputEvents = YES;
				INFOPLIST_KEY_UILaunchScreen_Generation = YES;
				INFOPLIST_KEY_UISupportedInterfaceOrientations_iPad = "UIInterfaceOrientationPortrait UIInterfaceOrientationPortraitUpsideDown UIInterfaceOrientationLandscapeLeft UIInterfaceOrientationLandscapeRight";
				INFOPLIST_KEY_UISupportedInterfaceOrientations_iPhone = "UIInterfaceOrientationPortrait UIInterfaceOrientationLandscapeLeft UIInterfaceOrientationLandscapeRight";
				LD_RUNPATH_SEARCH_PATHS = (
					"$(inherited)",
					"@executable_path/Frameworks",
				);
				MARKETING_VERSION = 1.0;
				PRODUCT_BUNDLE_IDENTIFIER = "com.williamlawson.Life-Fellowship";
				PRODUCT_NAME = "$(TARGET_NAME)";
				SWIFT_EMIT_LOC_STRINGS = YES;
				SWIFT_VERSION = 5.0;
				TARGETED_DEVICE_FAMILY = "1,2";
			};
			name = Debug;
		};
		150734DD2C38801F002E7453 /* Release */ = {
			isa = XCBuildConfiguration;
			buildSettings = {
				ASSETCATALOG_COMPILER_APPICON_NAME = AppIcon;
				ASSETCATALOG_COMPILER_GLOBAL_ACCENT_COLOR_NAME = AccentColor;
				CODE_SIGN_STYLE = Automatic;
				CURRENT_PROJECT_VERSION = 1;
				DEVELOPMENT_ASSET_PATHS = "\"Life Fellowship/Preview Content\"";
				DEVELOPMENT_TEAM = FPVCQZJWBM;
				ENABLE_PREVIEWS = YES;
				GENERATE_INFOPLIST_FILE = YES;
				INFOPLIST_KEY_UIApplicationSceneManifest_Generation = YES;
				INFOPLIST_KEY_UIApplicationSupportsIndirectInputEvents = YES;
				INFOPLIST_KEY_UILaunchScreen_Generation = YES;
				INFOPLIST_KEY_UISupportedInterfaceOrientations_iPad = "UIInterfaceOrientationPortrait UIInterfaceOrientationPortraitUpsideDown UIInterfaceOrientationLandscapeLeft UIInterfaceOrientationLandscapeRight";
				INFOPLIST_KEY_UISupportedInterfaceOrientations_iPhone = "UIInterfaceOrientationPortrait UIInterfaceOrientationLandscapeLeft UIInterfaceOrientationLandscapeRight";
				LD_RUNPATH_SEARCH_PATHS = (
					"$(inherited)",
					"@executable_path/Frameworks",
				);
				MARKETING_VERSION = 1.0;
				PRODUCT_BUNDLE_IDENTIFIER = "com.williamlawson.Life-Fellowship";
				PRODUCT_NAME = "$(TARGET_NAME)";
				SWIFT_EMIT_LOC_STRINGS = YES;
				SWIFT_VERSION = 5.0;
				TARGETED_DEVICE_FAMILY = "1,2";
			};
			name = Release;
		};
/* End XCBuildConfiguration section */

/* Begin XCConfigurationList section */
		150734C82C38801D002E7453 /* Build configuration list for PBXProject "Life Fellowship" */ = {
			isa = XCConfigurationList;
			buildConfigurations = (
				150734D92C38801F002E7453 /* Debug */,
				150734DA2C38801F002E7453 /* Release */,
			);
			defaultConfigurationIsVisible = 0;
			defaultConfigurationName = Release;
		};
		150734DB2C38801F002E7453 /* Build configuration list for PBXNativeTarget "Life Fellowship" */ = {
			isa = XCConfigurationList;
			buildConfigurations = (
				150734DC2C38801F002E7453 /* Debug */,
				150734DD2C38801F002E7453 /* Release */,
			);
			defaultConfigurationIsVisible = 0;
			defaultConfigurationName = Release;
		};
/* End XCConfigurationList section */

/* Begin XCRemoteSwiftPackageReference section */
		150734DE2C3883E8002E7453 /* XCRemoteSwiftPackageReference "sdk-for-apple" */ = {
			isa = XCRemoteSwiftPackageReference;
			repositoryURL = "https://github.com/appwrite/sdk-for-apple";
			requirement = {
				kind = upToNextMajorVersion;
				minimumVersion = 6.0.0;
			};
		};
/* End XCRemoteSwiftPackageReference section */

/* Begin XCSwiftPackageProductDependency section */
		150734DF2C3883E8002E7453 /* Appwrite */ = {
			isa = XCSwiftPackageProductDependency;
			package = 150734DE2C3883E8002E7453 /* XCRemoteSwiftPackageReference "sdk-for-apple" */;
			productName = Appwrite;
		};
/* End XCSwiftPackageProductDependency section */
	};
	rootObject = 150734C52C38801D002E7453 /* Project object */;
}
